{
  "name": "backend-labs",
  "lockfileVersion": 3,
  "requires": true,
  "packages": {
    "": {
      "devDependencies": {
        "cz-git": "^1.10.1",
        "husky": "^9.1.6"
      }
    },
    "node_modules/cz-git": {
      "version": "1.10.1",
      "resolved": "https://registry.npmjs.org/cz-git/-/cz-git-1.10.1.tgz",
      "integrity": "sha512-pBudDYUEqSOgt5cAlAk6BDs/h99lxfiii+1KCxfuVNOgcpn+yz7AejDjdBEJ+XDt7MOeAvcpYW3gi7C7il+IFA==",
      "dev": true,
      "engines": {
        "node": ">=v12.20.0"
      }
    },
    "node_modules/husky": {
      "version": "9.1.6",
      "resolved": "https://registry.npmjs.org/husky/-/husky-9.1.6.tgz",
      "integrity": "sha512-sqbjZKK7kf44hfdE94EoX8MZNk0n7HeW37O4YrVGCF4wzgQjp+akPAkfUK5LZ6KuR/6sqeAVuXHji+RzQgOn5A==",
      "dev": true,
      "bin": {
        "husky": "bin.js"
      },
      "engines": {
        "node": ">=18"
      },
      "funding": {
        "url": "https://github.com/sponsors/typicode"
      }
    }
  }
}
